// !$*UTF8*$!
{
	archiveVersion = 1;
	classes = {
	};
	objectVersion = 55;
	objects = {

/* Begin PBXBuildFile section */
		B4BE135627FD689300E1C7A4 /* Tests_iOS.swift in Sources */ = {isa = PBXBuildFile; fileRef = B4BE135527FD689300E1C7A4 /* Tests_iOS.swift */; };
		B4BE135827FD689300E1C7A4 /* Tests_iOSLaunchTests.swift in Sources */ = {isa = PBXBuildFile; fileRef = B4BE135727FD689300E1C7A4 /* Tests_iOSLaunchTests.swift */; };
		B4BE136227FD689300E1C7A4 /* Tests_macOS.swift in Sources */ = {isa = PBXBuildFile; fileRef = B4BE136127FD689300E1C7A4 /* Tests_macOS.swift */; };
		B4BE136427FD689300E1C7A4 /* Tests_macOSLaunchTests.swift in Sources */ = {isa = PBXBuildFile; fileRef = B4BE136327FD689300E1C7A4 /* Tests_macOSLaunchTests.swift */; };
		B4BE136527FD689300E1C7A4 /* Test_ProjectApp.swift in Sources */ = {isa = PBXBuildFile; fileRef = B4BE133D27FD688F00E1C7A4 /* Test_ProjectApp.swift */; };
		B4BE136627FD689300E1C7A4 /* Test_ProjectApp.swift in Sources */ = {isa = PBXBuildFile; fileRef = B4BE133D27FD688F00E1C7A4 /* Test_ProjectApp.swift */; };
		B4BE136727FD689300E1C7A4 /* ContentView.swift in Sources */ = {isa = PBXBuildFile; fileRef = B4BE133E27FD688F00E1C7A4 /* ContentView.swift */; };
		B4BE136827FD689300E1C7A4 /* ContentView.swift in Sources */ = {isa = PBXBuildFile; fileRef = B4BE133E27FD688F00E1C7A4 /* ContentView.swift */; };
		B4BE136927FD689300E1C7A4 /* Assets.xcassets in Resources */ = {isa = PBXBuildFile; fileRef = B4BE133F27FD689300E1C7A4 /* Assets.xcassets */; };
		B4BE136A27FD689300E1C7A4 /* Assets.xcassets in Resources */ = {isa = PBXBuildFile; fileRef = B4BE133F27FD689300E1C7A4 /* Assets.xcassets */; };
/* End PBXBuildFile section */

/* Begin PBXContainerItemProxy section */
		B4BE135227FD689300E1C7A4 /* PBXContainerItemProxy */ = {
			isa = PBXContainerItemProxy;
			containerPortal = B4BE133827FD688E00E1C7A4 /* Project object */;
			proxyType = 1;
			remoteGlobalIDString = B4BE134327FD689300E1C7A4;
			remoteInfo = "Test Project (iOS)";
		};
		B4BE135E27FD689300E1C7A4 /* PBXContainerItemProxy */ = {
			isa = PBXContainerItemProxy;
			containerPortal = B4BE133827FD688E00E1C7A4 /* Project object */;
			proxyType = 1;
			remoteGlobalIDString = B4BE134927FD689300E1C7A4;
			remoteInfo = "Test Project (macOS)";
		};
/* End PBXContainerItemProxy section */

/* Begin PBXFileReference section */
		B4BE133D27FD688F00E1C7A4 /* Test_ProjectApp.swift */ = {isa = PBXFileReference; lastKnownFileType = sourcecode.swift; path = Test_ProjectApp.swift; sourceTree = "<group>"; };
		B4BE133E27FD688F00E1C7A4 /* ContentView.swift */ = {isa = PBXFileReference; lastKnownFileType = sourcecode.swift; path = ContentView.swift; sourceTree = "<group>"; };
		B4BE133F27FD689300E1C7A4 /* Assets.xcassets */ = {isa = PBXFileReference; lastKnownFileType = folder.assetcatalog; path = Assets.xcassets; sourceTree = "<group>"; };
		B4BE134427FD689300E1C7A4 /* Test Project.app */ = {isa = PBXFileReference; explicitFileType = wrapper.application; includeInIndex = 0; path = "Test Project.app"; sourceTree = BUILT_PRODUCTS_DIR; };
		B4BE134A27FD689300E1C7A4 /* Test Project.app */ = {isa = PBXFileReference; explicitFileType = wrapper.application; includeInIndex = 0; path = "Test Project.app"; sourceTree = BUILT_PRODUCTS_DIR; };
		B4BE134C27FD689300E1C7A4 /* macOS.entitlements */ = {isa = PBXFileReference; lastKnownFileType = text.plist.entitlements; path = macOS.entitlements; sourceTree = "<group>"; };
		B4BE135127FD689300E1C7A4 /* Tests iOS.xctest */ = {isa = PBXFileReference; explicitFileType = wrapper.cfbundle; includeInIndex = 0; path = "Tests iOS.xctest"; sourceTree = BUILT_PRODUCTS_DIR; };
		B4BE135527FD689300E1C7A4 /* Tests_iOS.swift */ = {isa = PBXFileReference; lastKnownFileType = sourcecode.swift; path = Tests_iOS.swift; sourceTree = "<group>"; };
		B4BE135727FD689300E1C7A4 /* Tests_iOSLaunchTests.swift */ = {isa = PBXFileReference; lastKnownFileType = sourcecode.swift; path = Tests_iOSLaunchTests.swift; sourceTree = "<group>"; };
		B4BE135D27FD689300E1C7A4 /* Tests macOS.xctest */ = {isa = PBXFileReference; explicitFileType = wrapper.cfbundle; includeInIndex = 0; path = "Tests macOS.xctest"; sourceTree = BUILT_PRODUCTS_DIR; };
		B4BE136127FD689300E1C7A4 /* Tests_macOS.swift */ = {isa = PBXFileReference; lastKnownFileType = sourcecode.swift; path = Tests_macOS.swift; sourceTree = "<group>"; };
		B4BE136327FD689300E1C7A4 /* Tests_macOSLaunchTests.swift */ = {isa = PBXFileReference; lastKnownFileType = sourcecode.swift; path = Tests_macOSLaunchTests.swift; sourceTree = "<group>"; };
/* End PBXFileReference section */

/* Begin PBXFrameworksBuildPhase section */
		B4BE134127FD689300E1C7A4 /* Frameworks */ = {
			isa = PBXFrameworksBuildPhase;
			buildActionMask = 2147483647;
			files = (
			);
			runOnlyForDeploymentPostprocessing = 0;
		};
		B4BE134727FD689300E1C7A4 /* Frameworks */ = {
			isa = PBXFrameworksBuildPhase;
			buildActionMask = 2147483647;
			files = (
			);
			runOnlyForDeploymentPostprocessing = 0;
		};
		B4BE134E27FD689300E1C7A4 /* Frameworks */ = {
			isa = PBXFrameworksBuildPhase;
			buildActionMask = 2147483647;
			files = (
			);
			runOnlyForDeploymentPostprocessing = 0;
		};
		B4BE135A27FD689300E1C7A4 /* Frameworks */ = {
			isa = PBXFrameworksBuildPhase;
			buildActionMask = 2147483647;
			files = (
			);
			runOnlyForDeploymentPostprocessing = 0;
		};
/* End PBXFrameworksBuildPhase section */

/* Begin PBXGroup section */
		B4BE133727FD688E00E1C7A4 = {
			isa = PBXGroup;
			children = (
				B4BE133C27FD688F00E1C7A4 /* Shared */,
				B4BE134B27FD689300E1C7A4 /* macOS */,
				B4BE135427FD689300E1C7A4 /* Tests iOS */,
				B4BE136027FD689300E1C7A4 /* Tests macOS */,
				B4BE134527FD689300E1C7A4 /* Products */,
			);
			sourceTree = "<group>";
		};
		B4BE133C27FD688F00E1C7A4 /* Shared */ = {
			isa = PBXGroup;
			children = (
				B4BE133D27FD688F00E1C7A4 /* Test_ProjectApp.swift */,
				B4BE133E27FD688F00E1C7A4 /* ContentView.swift */,
				B4BE133F27FD689300E1C7A4 /* Assets.xcassets */,
			);
			path = Shared;
			sourceTree = "<group>";
		};
		B4BE134527FD689300E1C7A4 /* Products */ = {
			isa = PBXGroup;
			children = (
				B4BE134427FD689300E1C7A4 /* Test Project.app */,
				B4BE134A27FD689300E1C7A4 /* Test Project.app */,
				B4BE135127FD689300E1C7A4 /* Tests iOS.xctest */,
				B4BE135D27FD689300E1C7A4 /* Tests macOS.xctest */,
			);
			name = Products;
			sourceTree = "<group>";
		};
		B4BE134B27FD689300E1C7A4 /* macOS */ = {
			isa = PBXGroup;
			children = (
				B4BE134C27FD689300E1C7A4 /* macOS.entitlements */,
			);
			path = macOS;
			sourceTree = "<group>";
		};
		B4BE135427FD689300E1C7A4 /* Tests iOS */ = {
			isa = PBXGroup;
			children = (
				B4BE135527FD689300E1C7A4 /* Tests_iOS.swift */,
				B4BE135727FD689300E1C7A4 /* Tests_iOSLaunchTests.swift */,
			);
			path = "Tests iOS";
			sourceTree = "<group>";
		};
		B4BE136027FD689300E1C7A4 /* Tests macOS */ = {
			isa = PBXGroup;
			children = (
				B4BE136127FD689300E1C7A4 /* Tests_macOS.swift */,
				B4BE136327FD689300E1C7A4 /* Tests_macOSLaunchTests.swift */,
			);
			path = "Tests macOS";
			sourceTree = "<group>";
		};
/* End PBXGroup section */

/* Begin PBXNativeTarget section */
		B4BE134327FD689300E1C7A4 /* Test Project (iOS) */ = {
			isa = PBXNativeTarget;
			buildConfigurationList = B4BE136D27FD689300E1C7A4 /* Build configuration list for PBXNativeTarget "Test Project (iOS)" */;
			buildPhases = (
				B4BE134027FD689300E1C7A4 /* Sources */,
				B4BE134127FD689300E1C7A4 /* Frameworks */,
				B4BE134227FD689300E1C7A4 /* Resources */,
			);
			buildRules = (
			);
			dependencies = (
			);
			name = "Test Project (iOS)";
			productName = "Test Project (iOS)";
			productReference = B4BE134427FD689300E1C7A4 /* Test Project.app */;
			productType = "com.apple.product-type.application";
		};
		B4BE134927FD689300E1C7A4 /* Test Project (macOS) */ = {
			isa = PBXNativeTarget;
			buildConfigurationList = B4BE137027FD689300E1C7A4 /* Build configuration list for PBXNativeTarget "Test Project (macOS)" */;
			buildPhases = (
				B4BE134627FD689300E1C7A4 /* Sources */,
				B4BE134727FD689300E1C7A4 /* Frameworks */,
				B4BE134827FD689300E1C7A4 /* Resources */,
			);
			buildRules = (
			);
			dependencies = (
			);
			name = "Test Project (macOS)";
			productName = "Test Project (macOS)";
			productReference = B4BE134A27FD689300E1C7A4 /* Test Project.app */;
			productType = "com.apple.product-type.application";
		};
		B4BE135027FD689300E1C7A4 /* Tests iOS */ = {
			isa = PBXNativeTarget;
			buildConfigurationList = B4BE137327FD689300E1C7A4 /* Build configuration list for PBXNativeTarget "Tests iOS" */;
			buildPhases = (
				B4BE134D27FD689300E1C7A4 /* Sources */,
				B4BE134E27FD689300E1C7A4 /* Frameworks */,
				B4BE134F27FD689300E1C7A4 /* Resources */,
			);
			buildRules = (
			);
			dependencies = (
				B4BE135327FD689300E1C7A4 /* PBXTargetDependency */,
			);
			name = "Tests iOS";
			productName = "Tests iOS";
			productReference = B4BE135127FD689300E1C7A4 /* Tests iOS.xctest */;
			productType = "com.apple.product-type.bundle.ui-testing";
		};
		B4BE135C27FD689300E1C7A4 /* Tests macOS */ = {
			isa = PBXNativeTarget;
			buildConfigurationList = B4BE137627FD689300E1C7A4 /* Build configuration list for PBXNativeTarget "Tests macOS" */;
			buildPhases = (
				B4BE135927FD689300E1C7A4 /* Sources */,
				B4BE135A27FD689300E1C7A4 /* Frameworks */,
				B4BE135B27FD689300E1C7A4 /* Resources */,
			);
			buildRules = (
			);
			dependencies = (
				B4BE135F27FD689300E1C7A4 /* PBXTargetDependency */,
			);
			name = "Tests macOS";
			productName = "Tests macOS";
			productReference = B4BE135D27FD689300E1C7A4 /* Tests macOS.xctest */;
			productType = "com.apple.product-type.bundle.ui-testing";
		};
/* End PBXNativeTarget section */

/* Begin PBXProject section */
		B4BE133827FD688E00E1C7A4 /* Project object */ = {
			isa = PBXProject;
			attributes = {
				BuildIndependentTargetsInParallel = 1;
				LastSwiftUpdateCheck = 1330;
				LastUpgradeCheck = 1330;
				TargetAttributes = {
					B4BE134327FD689300E1C7A4 = {
						CreatedOnToolsVersion = 13.3;
					};
					B4BE134927FD689300E1C7A4 = {
						CreatedOnToolsVersion = 13.3;
					};
					B4BE135027FD689300E1C7A4 = {
						CreatedOnToolsVersion = 13.3;
						TestTargetID = B4BE134327FD689300E1C7A4;
					};
					B4BE135C27FD689300E1C7A4 = {
						CreatedOnToolsVersion = 13.3;
						TestTargetID = B4BE134927FD689300E1C7A4;
					};
				};
			};
			buildConfigurationList = B4BE133B27FD688E00E1C7A4 /* Build configuration list for PBXProject "Test Project" */;
			compatibilityVersion = "Xcode 13.0";
			developmentRegion = en;
			hasScannedForEncodings = 0;
			knownRegions = (
				en,
				Base,
			);
			mainGroup = B4BE133727FD688E00E1C7A4;
			productRefGroup = B4BE134527FD689300E1C7A4 /* Products */;
			projectDirPath = "";
			projectRoot = "";
			targets = (
				B4BE134327FD689300E1C7A4 /* Test Project (iOS) */,
				B4BE134927FD689300E1C7A4 /* Test Project (macOS) */,
				B4BE135027FD689300E1C7A4 /* Tests iOS */,
				B4BE135C27FD689300E1C7A4 /* Tests macOS */,
			);
		};
/* End PBXProject section */

/* Begin PBXResourcesBuildPhase section */
		B4BE134227FD689300E1C7A4 /* Resources */ = {
			isa = PBXResourcesBuildPhase;
			buildActionMask = 2147483647;
			files = (
				B4BE136927FD689300E1C7A4 /* Assets.xcassets in Resources */,
			);
			runOnlyForDeploymentPostprocessing = 0;
		};
		B4BE134827FD689300E1C7A4 /* Resources */ = {
			isa = PBXResourcesBuildPhase;
			buildActionMask = 2147483647;
			files = (
				B4BE136A27FD689300E1C7A4 /* Assets.xcassets in Resources */,
			);
			runOnlyForDeploymentPostprocessing = 0;
		};
		B4BE134F27FD689300E1C7A4 /* Resources */ = {
			isa = PBXResourcesBuildPhase;
			buildActionMask = 2147483647;
			files = (
			);
			runOnlyForDeploymentPostprocessing = 0;
		};
		B4BE135B27FD689300E1C7A4 /* Resources */ = {
			isa = PBXResourcesBuildPhase;
			buildActionMask = 2147483647;
			files = (
			);
			runOnlyForDeploymentPostprocessing = 0;
		};
/* End PBXResourcesBuildPhase section */

/* Begin PBXSourcesBuildPhase section */
		B4BE134027FD689300E1C7A4 /* Sources */ = {
			isa = PBXSourcesBuildPhase;
			buildActionMask = 2147483647;
			files = (
				B4BE136727FD689300E1C7A4 /* ContentView.swift in Sources */,
				B4BE136527FD689300E1C7A4 /* Test_ProjectApp.swift in Sources */,
			);
			runOnlyForDeploymentPostprocessing = 0;
		};
		B4BE134627FD689300E1C7A4 /* Sources */ = {
			isa = PBXSourcesBuildPhase;
			buildActionMask = 2147483647;
			files = (
				B4BE136827FD689300E1C7A4 /* ContentView.swift in Sources */,
				B4BE136627FD689300E1C7A4 /* Test_ProjectApp.swift in Sources */,
			);
			runOnlyForDeploymentPostprocessing = 0;
		};
		B4BE134D27FD689300E1C7A4 /* Sources */ = {
			isa = PBXSourcesBuildPhase;
			buildActionMask = 2147483647;
			files = (
				B4BE135827FD689300E1C7A4 /* Tests_iOSLaunchTests.swift in Sources */,
				B4BE135627FD689300E1C7A4 /* Tests_iOS.swift in Sources */,
			);
			runOnlyForDeploymentPostprocessing = 0;
		};
		B4BE135927FD689300E1C7A4 /* Sources */ = {
			isa = PBXSourcesBuildPhase;
			buildActionMask = 2147483647;
			files = (
				B4BE136427FD689300E1C7A4 /* Tests_macOSLaunchTests.swift in Sources */,
				B4BE136227FD689300E1C7A4 /* Tests_macOS.swift in Sources */,
			);
			runOnlyForDeploymentPostprocessing = 0;
		};
/* End PBXSourcesBuildPhase section */

/* Begin PBXTargetDependency section */
		B4BE135327FD689300E1C7A4 /* PBXTargetDependency */ = {
			isa = PBXTargetDependency;
			target = B4BE134327FD689300E1C7A4 /* Test Project (iOS) */;
			targetProxy = B4BE135227FD689300E1C7A4 /* PBXContainerItemProxy */;
		};
		B4BE135F27FD689300E1C7A4 /* PBXTargetDependency */ = {
			isa = PBXTargetDependency;
			target = B4BE134927FD689300E1C7A4 /* Test Project (macOS) */;
			targetProxy = B4BE135E27FD689300E1C7A4 /* PBXContainerItemProxy */;
		};
/* End PBXTargetDependency section */

/* Begin XCBuildConfiguration section */
		B4BE136B27FD689300E1C7A4 /* Debug */ = {
			isa = XCBuildConfiguration;
			buildSettings = {
				ALWAYS_SEARCH_USER_PATHS = NO;
				CLANG_ANALYZER_NONNULL = YES;
				CLANG_ANALYZER_NUMBER_OBJECT_CONVERSION = YES_AGGRESSIVE;
				CLANG_CXX_LANGUAGE_STANDARD = "gnu++17";
				CLANG_ENABLE_MODULES = YES;
				CLANG_ENABLE_OBJC_ARC = YES;
				CLANG_ENABLE_OBJC_WEAK = YES;
				CLANG_WARN_BLOCK_CAPTURE_AUTORELEASING = YES;
				CLANG_WARN_BOOL_CONVERSION = YES;
				CLANG_WARN_COMMA = YES;
				CLANG_WARN_CONSTANT_CONVERSION = YES;
				CLANG_WARN_DEPRECATED_OBJC_IMPLEMENTATIONS = YES;
				CLANG_WARN_DIRECT_OBJC_ISA_USAGE = YES_ERROR;
				CLANG_WARN_DOCUMENTATION_COMMENTS = YES;
				CLANG_WARN_EMPTY_BODY = YES;
				CLANG_WARN_ENUM_CONVERSION = YES;
				CLANG_WARN_INFINITE_RECURSION = YES;
				CLANG_WARN_INT_CONVERSION = YES;
				CLANG_WARN_NON_LITERAL_NULL_CONVERSION = YES;
				CLANG_WARN_OBJC_IMPLICIT_RETAIN_SELF = YES;
				CLANG_WARN_OBJC_LITERAL_CONVERSION = YES;
				CLANG_WARN_OBJC_ROOT_CLASS = YES_ERROR;
				CLANG_WARN_QUOTED_INCLUDE_IN_FRAMEWORK_HEADER = YES;
				CLANG_WARN_RANGE_LOOP_ANALYSIS = YES;
				CLANG_WARN_STRICT_PROTOTYPES = YES;
				CLANG_WARN_SUSPICIOUS_MOVE = YES;
				CLANG_WARN_UNGUARDED_AVAILABILITY = YES_AGGRESSIVE;
				CLANG_WARN_UNREACHABLE_CODE = YES;
				CLANG_WARN__DUPLICATE_METHOD_MATCH = YES;
				COPY_PHASE_STRIP = NO;
				DEBUG_INFORMATION_FORMAT = dwarf;
				ENABLE_STRICT_OBJC_MSGSEND = YES;
				ENABLE_TESTABILITY = YES;
				GCC_C_LANGUAGE_STANDARD = gnu11;
				GCC_DYNAMIC_NO_PIC = NO;
				GCC_NO_COMMON_BLOCKS = YES;
				GCC_OPTIMIZATION_LEVEL = 0;
				GCC_PREPROCESSOR_DEFINITIONS = (
					"DEBUG=1",
					"$(inherited)",
				);
				GCC_WARN_64_TO_32_BIT_CONVERSION = YES;
				GCC_WARN_ABOUT_RETURN_TYPE = YES_ERROR;
				GCC_WARN_UNDECLARED_SELECTOR = YES;
				GCC_WARN_UNINITIALIZED_AUTOS = YES_AGGRESSIVE;
				GCC_WARN_UNUSED_FUNCTION = YES;
				GCC_WARN_UNUSED_VARIABLE = YES;
				MTL_ENABLE_DEBUG_INFO = INCLUDE_SOURCE;
				MTL_FAST_MATH = YES;
				ONLY_ACTIVE_ARCH = YES;
				SWIFT_ACTIVE_COMPILATION_CONDITIONS = DEBUG;
				SWIFT_OPTIMIZATION_LEVEL = "-Onone";
			};
			name = Debug;
		};
		B4BE136C27FD689300E1C7A4 /* Release */ = {
			isa = XCBuildConfiguration;
			buildSettings = {
				ALWAYS_SEARCH_USER_PATHS = NO;
				CLANG_ANALYZER_NONNULL = YES;
				CLANG_ANALYZER_NUMBER_OBJECT_CONVERSION = YES_AGGRESSIVE;
				CLANG_CXX_LANGUAGE_STANDARD = "gnu++17";
				CLANG_ENABLE_MODULES = YES;
				CLANG_ENABLE_OBJC_ARC = YES;
				CLANG_ENABLE_OBJC_WEAK = YES;
				CLANG_WARN_BLOCK_CAPTURE_AUTORELEASING = YES;
				CLANG_WARN_BOOL_CONVERSION = YES;
				CLANG_WARN_COMMA = YES;
				CLANG_WARN_CONSTANT_CONVERSION = YES;
				CLANG_WARN_DEPRECATED_OBJC_IMPLEMENTATIONS = YES;
				CLANG_WARN_DIRECT_OBJC_ISA_USAGE = YES_ERROR;
				CLANG_WARN_DOCUMENTATION_COMMENTS = YES;
				CLANG_WARN_EMPTY_BODY = YES;
				CLANG_WARN_ENUM_CONVERSION = YES;
				CLANG_WARN_INFINITE_RECURSION = YES;
				CLANG_WARN_INT_CONVERSION = YES;
				CLANG_WARN_NON_LITERAL_NULL_CONVERSION = YES;
				CLANG_WARN_OBJC_IMPLICIT_RETAIN_SELF = YES;
				CLANG_WARN_OBJC_LITERAL_CONVERSION = YES;
				CLANG_WARN_OBJC_ROOT_CLASS = YES_ERROR;
				CLANG_WARN_QUOTED_INCLUDE_IN_FRAMEWORK_HEADER = YES;
				CLANG_WARN_RANGE_LOOP_ANALYSIS = YES;
				CLANG_WARN_STRICT_PROTOTYPES = YES;
				CLANG_WARN_SUSPICIOUS_MOVE = YES;
				CLANG_WARN_UNGUARDED_AVAILABILITY = YES_AGGRESSIVE;
				CLANG_WARN_UNREACHABLE_CODE = YES;
				CLANG_WARN__DUPLICATE_METHOD_MATCH = YES;
				COPY_PHASE_STRIP = NO;
				DEBUG_INFORMATION_FORMAT = "dwarf-with-dsym";
				ENABLE_NS_ASSERTIONS = NO;
				ENABLE_STRICT_OBJC_MSGSEND = YES;
				GCC_C_LANGUAGE_STANDARD = gnu11;
				GCC_NO_COMMON_BLOCKS = YES;
				GCC_WARN_64_TO_32_BIT_CONVERSION = YES;
				GCC_WARN_ABOUT_RETURN_TYPE = YES_ERROR;
				GCC_WARN_UNDECLARED_SELECTOR = YES;
				GCC_WARN_UNINITIALIZED_AUTOS = YES_AGGRESSIVE;
				GCC_WARN_UNUSED_FUNCTION = YES;
				GCC_WARN_UNUSED_VARIABLE = YES;
				MTL_ENABLE_DEBUG_INFO = NO;
				MTL_FAST_MATH = YES;
				SWIFT_COMPILATION_MODE = wholemodule;
				SWIFT_OPTIMIZATION_LEVEL = "-O";
			};
			name = Release;
		};
		B4BE136E27FD689300E1C7A4 /* Debug */ = {
			isa = XCBuildConfiguration;
			buildSettings = {
				ASSETCATALOG_COMPILER_APPICON_NAME = AppIcon;
				ASSETCATALOG_COMPILER_GLOBAL_ACCENT_COLOR_NAME = AccentColor;
				CODE_SIGN_STYLE = Automatic;
				CURRENT_PROJECT_VERSION = 1;
				DEVELOPMENT_TEAM = M9NXF868JT;
				ENABLE_PREVIEWS = YES;
				GENERATE_INFOPLIST_FILE = YES;
				INFOPLIST_KEY_UIApplicationSceneManifest_Generation = YES;
				INFOPLIST_KEY_UIApplicationSupportsIndirectInputEvents = YES;
				INFOPLIST_KEY_UILaunchScreen_Generation = YES;
				INFOPLIST_KEY_UISupportedInterfaceOrientations_iPad = "UIInterfaceOrientationPortrait UIInterfaceOrientationPortraitUpsideDown UIInterfaceOrientationLandscapeLeft UIInterfaceOrientationLandscapeRight";
				INFOPLIST_KEY_UISupportedInterfaceOrientations_iPhone = "UIInterfaceOrientationPortrait UIInterfaceOrientationLandscapeLeft UIInterfaceOrientationLandscapeRight";
				IPHONEOS_DEPLOYMENT_TARGET = 15.4;
				LD_RUNPATH_SEARCH_PATHS = (
					"$(inherited)",
					"@executable_path/Frameworks",
				);
				MARKETING_VERSION = 1.0;
				PRODUCT_BUNDLE_IDENTIFIER = "MRG.Test-Project";
				PRODUCT_NAME = "Test Project";
				SDKROOT = iphoneos;
				SWIFT_EMIT_LOC_STRINGS = YES;
				SWIFT_VERSION = 5.0;
				TARGETED_DEVICE_FAMILY = "1,2";
			};
			name = Debug;
		};
		B4BE136F27FD689300E1C7A4 /* Release */ = {
			isa = XCBuildConfiguration;
			buildSettings = {
				ASSETCATALOG_COMPILER_APPICON_NAME = AppIcon;
				ASSETCATALOG_COMPILER_GLOBAL_ACCENT_COLOR_NAME = AccentColor;
				CODE_SIGN_STYLE = Automatic;
				CURRENT_PROJECT_VERSION = 1;
				DEVELOPMENT_TEAM = M9NXF868JT;
				ENABLE_PREVIEWS = YES;
				GENERATE_INFOPLIST_FILE = YES;
				INFOPLIST_KEY_UIApplicationSceneManifest_Generation = YES;
				INFOPLIST_KEY_UIApplicationSupportsIndirectInputEvents = YES;
				INFOPLIST_KEY_UILaunchScreen_Generation = YES;
				INFOPLIST_KEY_UISupportedInterfaceOrientations_iPad = "UIInterfaceOrientationPortrait UIInterfaceOrientationPortraitUpsideDown UIInterfaceOrientationLandscapeLeft UIInterfaceOrientationLandscapeRight";
				INFOPLIST_KEY_UISupportedInterfaceOrientations_iPhone = "UIInterfaceOrientationPortrait UIInterfaceOrientationLandscapeLeft UIInterfaceOrientationLandscapeRight";
				IPHONEOS_DEPLOYMENT_TARGET = 15.4;
				LD_RUNPATH_SEARCH_PATHS = (
					"$(inherited)",
					"@executable_path/Frameworks",
				);
				MARKETING_VERSION = 1.0;
				PRODUCT_BUNDLE_IDENTIFIER = "MRG.Test-Project";
				PRODUCT_NAME = "Test Project";
				SDKROOT = iphoneos;
				SWIFT_EMIT_LOC_STRINGS = YES;
				SWIFT_VERSION = 5.0;
				TARGETED_DEVICE_FAMILY = "1,2";
				VALIDATE_PRODUCT = YES;
			};
			name = Release;
		};
		B4BE137127FD689300E1C7A4 /* Debug */ = {
			isa = XCBuildConfiguration;
			buildSettings = {
				ASSETCATALOG_COMPILER_APPICON_NAME = AppIcon;
				ASSETCATALOG_COMPILER_GLOBAL_ACCENT_COLOR_NAME = AccentColor;
				CODE_SIGN_ENTITLEMENTS = macOS/macOS.entitlements;
				CODE_SIGN_STYLE = Automatic;
				COMBINE_HIDPI_IMAGES = YES;
				CURRENT_PROJECT_VERSION = 1;
				DEVELOPMENT_TEAM = M9NXF868JT;
				ENABLE_HARDENED_RUNTIME = YES;
				ENABLE_PREVIEWS = YES;
				GENERATE_INFOPLIST_FILE = YES;
				INFOPLIST_KEY_NSHumanReadableCopyright = "";
				LD_RUNPATH_SEARCH_PATHS = (
					"$(inherited)",
					"@executable_path/../Frameworks",
				);
				MACOSX_DEPLOYMENT_TARGET = 12.0;
				MARKETING_VERSION = 1.0;
				PRODUCT_BUNDLE_IDENTIFIER = "MRG.Test-Project";
				PRODUCT_NAME = "Test Project";
				SDKROOT = macosx;
				SWIFT_EMIT_LOC_STRINGS = YES;
				SWIFT_VERSION = 5.0;
			};
			name = Debug;
		};
		B4BE137227FD689300E1C7A4 /* Release */ = {
			isa = XCBuildConfiguration;
			buildSettings = {
				ASSETCATALOG_COMPILER_APPICON_NAME = AppIcon;
				ASSETCATALOG_COMPILER_GLOBAL_ACCENT_COLOR_NAME = AccentColor;
				CODE_SIGN_ENTITLEMENTS = macOS/macOS.entitlements;
				CODE_SIGN_STYLE = Automatic;
				COMBINE_HIDPI_IMAGES = YES;
				CURRENT_PROJECT_VERSION = 1;
				DEVELOPMENT_TEAM = M9NXF868JT;
				ENABLE_HARDENED_RUNTIME = YES;
				ENABLE_PREVIEWS = YES;
				GENERATE_INFOPLIST_FILE = YES;
				INFOPLIST_KEY_NSHumanReadableCopyright = "";
				LD_RUNPATH_SEARCH_PATHS = (
					"$(inherited)",
					"@executable_path/../Frameworks",
				);
				MACOSX_DEPLOYMENT_TARGET = 12.0;
				MARKETING_VERSION = 1.0;
				PRODUCT_BUNDLE_IDENTIFIER = "MRG.Test-Project";
				PRODUCT_NAME = "Test Project";
				SDKROOT = macosx;
				SWIFT_EMIT_LOC_STRINGS = YES;
				SWIFT_VERSION = 5.0;
			};
			name = Release;
		};
		B4BE137427FD689300E1C7A4 /* Debug */ = {
			isa = XCBuildConfiguration;
			buildSettings = {
				ALWAYS_EMBED_SWIFT_STANDARD_LIBRARIES = YES;
				CODE_SIGN_STYLE = Automatic;
				CURRENT_PROJECT_VERSION = 1;
				DEVELOPMENT_TEAM = M9NXF868JT;
				GENERATE_INFOPLIST_FILE = YES;
				IPHONEOS_DEPLOYMENT_TARGET = 15.4;
				MARKETING_VERSION = 1.0;
				PRODUCT_BUNDLE_IDENTIFIER = "MRG.Tests-iOS";
				PRODUCT_NAME = "$(TARGET_NAME)";
				SDKROOT = iphoneos;
				SWIFT_EMIT_LOC_STRINGS = NO;
				SWIFT_VERSION = 5.0;
				TARGETED_DEVICE_FAMILY = "1,2";
				TEST_TARGET_NAME = "Test Project (iOS)";
			};
			name = Debug;
		};
		B4BE137527FD689300E1C7A4 /* Release */ = {
			isa = XCBuildConfiguration;
			buildSettings = {
				ALWAYS_EMBED_SWIFT_STANDARD_LIBRARIES = YES;
				CODE_SIGN_STYLE = Automatic;
				CURRENT_PROJECT_VERSION = 1;
				DEVELOPMENT_TEAM = M9NXF868JT;
				GENERATE_INFOPLIST_FILE = YES;
				IPHONEOS_DEPLOYMENT_TARGET = 15.4;
				MARKETING_VERSION = 1.0;
				PRODUCT_BUNDLE_IDENTIFIER = "MRG.Tests-iOS";
				PRODUCT_NAME = "$(TARGET_NAME)";
				SDKROOT = iphoneos;
				SWIFT_EMIT_LOC_STRINGS = NO;
				SWIFT_VERSION = 5.0;
				TARGETED_DEVICE_FAMILY = "1,2";
				TEST_TARGET_NAME = "Test Project (iOS)";
				VALIDATE_PRODUCT = YES;
			};
			name = Release;
		};
		B4BE137727FD689300E1C7A4 /* Debug */ = {
			isa = XCBuildConfiguration;
			buildSettings = {
				ALWAYS_EMBED_SWIFT_STANDARD_LIBRARIES = YES;
				CODE_SIGN_STYLE = Automatic;
				CURRENT_PROJECT_VERSION = 1;
				DEVELOPMENT_TEAM = M9NXF868JT;
				GENERATE_INFOPLIST_FILE = YES;
				MACOSX_DEPLOYMENT_TARGET = 12.0;
				MARKETING_VERSION = 1.0;
				PRODUCT_BUNDLE_IDENTIFIER = "MRG.Tests-macOS";
				PRODUCT_NAME = "$(TARGET_NAME)";
				SDKROOT = macosx;
				SWIFT_EMIT_LOC_STRINGS = NO;
				SWIFT_VERSION = 5.0;
				TEST_TARGET_NAME = "Test Project (macOS)";
			};
			name = Debug;
		};
		B4BE137827FD689300E1C7A4 /* Release */ = {
			isa = XCBuildConfiguration;
			buildSettings = {
				ALWAYS_EMBED_SWIFT_STANDARD_LIBRARIES = YES;
				CODE_SIGN_STYLE = Automatic;
				CURRENT_PROJECT_VERSION = 1;
				DEVELOPMENT_TEAM = M9NXF868JT;
				GENERATE_INFOPLIST_FILE = YES;
				MACOSX_DEPLOYMENT_TARGET = 12.0;
				MARKETING_VERSION = 1.0;
				PRODUCT_BUNDLE_IDENTIFIER = "MRG.Tests-macOS";
				PRODUCT_NAME = "$(TARGET_NAME)";
				SDKROOT = macosx;
				SWIFT_EMIT_LOC_STRINGS = NO;
				SWIFT_VERSION = 5.0;
				TEST_TARGET_NAME = "Test Project (macOS)";
			};
			name = Release;
		};
/* End XCBuildConfiguration section */

/* Begin XCConfigurationList section */
		B4BE133B27FD688E00E1C7A4 /* Build configuration list for PBXProject "Test Project" */ = {
			isa = XCConfigurationList;
			buildConfigurations = (
				B4BE136B27FD689300E1C7A4 /* Debug */,
				B4BE136C27FD689300E1C7A4 /* Release */,
			);
			defaultConfigurationIsVisible = 0;
			defaultConfigurationName = Release;
		};
		B4BE136D27FD689300E1C7A4 /* Build configuration list for PBXNativeTarget "Test Project (iOS)" */ = {
			isa = XCConfigurationList;
			buildConfigurations = (
				B4BE136E27FD689300E1C7A4 /* Debug */,
				B4BE136F27FD689300E1C7A4 /* Release */,
			);
			defaultConfigurationIsVisible = 0;
			defaultConfigurationName = Release;
		};
		B4BE137027FD689300E1C7A4 /* Build configuration list for PBXNativeTarget "Test Project (macOS)" */ = {
			isa = XCConfigurationList;
			buildConfigurations = (
				B4BE137127FD689300E1C7A4 /* Debug */,
				B4BE137227FD689300E1C7A4 /* Release */,
			);
			defaultConfigurationIsVisible = 0;
			defaultConfigurationName = Release;
		};
		B4BE137327FD689300E1C7A4 /* Build configuration list for PBXNativeTarget "Tests iOS" */ = {
			isa = XCConfigurationList;
			buildConfigurations = (
				B4BE137427FD689300E1C7A4 /* Debug */,
				B4BE137527FD689300E1C7A4 /* Release */,
			);
			defaultConfigurationIsVisible = 0;
			defaultConfigurationName = Release;
		};
		B4BE137627FD689300E1C7A4 /* Build configuration list for PBXNativeTarget "Tests macOS" */ = {
			isa = XCConfigurationList;
			buildConfigurations = (
				B4BE137727FD689300E1C7A4 /* Debug */,
				B4BE137827FD689300E1C7A4 /* Release */,
			);
			defaultConfigurationIsVisible = 0;
			defaultConfigurationName = Release;
		};
/* End XCConfigurationList section */
	};
	rootObject = B4BE133827FD688E00E1C7A4 /* Project object */;
}
